
Microsoft Visual Studio Solution File, Format Version 12.00
# Visual Studio Version 16
VisualStudioVersion = 16.0.30330.147
MinimumVisualStudioVersion = 10.0.40219.1
Project("{FAE04EC0-301F-11D3-BF4B-00C04F79EFBC}") = "Jogo_08_grupo185335_185675", "Jogo_08_grupo185335_185675.csproj", "{1B9750B7-03DC-42A3-9BCD-A6D2D5C1351D}"
EndProject
Global
	GlobalSection(SolutionConfigurationPlatforms) = preSolution
		Debug|Any CPU = Debug|Any CPU
		Release|Any CPU = Release|Any CPU
	EndGlobalSection
	GlobalSection(ProjectConfigurationPlatforms) = postSolution
		{1B9750B7-03DC-42A3-9BCD-A6D2D5C1351D}.Debug|Any CPU.ActiveCfg = Debug|Any CPU
		{1B9750B7-03DC-42A3-9BCD-A6D2D5C1351D}.Debug|Any CPU.Build.0 = Debug|Any CPU
		{1B9750B7-03DC-42A3-9BCD-A6D2D5C1351D}.Release|Any CPU.ActiveCfg = Release|Any CPU
		{1B9750B7-03DC-42A3-9BCD-A6D2D5C1351D}.Release|Any CPU.Build.0 = Release|Any CPU
	EndGlobalSection
	GlobalSection(SolutionProperties) = preSolution
		HideSolutionNode = FALSE
	EndGlobalSection
	GlobalSection(ExtensibilityGlobals) = postSolution
		SolutionGuid = {429FAB53-E70B-4CDD-BA8D-B83B9B70806D}
	EndGlobalSection
EndGlobal
